
Microsoft Visual Studio Solution File, Format Version 12.00
# Visual Studio Version 16
VisualStudioVersion = 16.0.31624.102
MinimumVisualStudioVersion = 10.0.40219.1
Project("{FAE04EC0-301F-11D3-BF4B-00C04F79EFBC}") = "P01Tablice", "P01Tablice\P01Tablice.csproj", "{9B6756B3-E819-4B66-BC4A-81774C967D2E}"
EndProject
Project("{FAE04EC0-301F-11D3-BF4B-00C04F79EFBC}") = "P02ZadanieTablice", "P02ZadanieTablice\P02ZadanieTablice.csproj", "{68A4756E-0430-4E9C-B86F-6B0210072130}"
EndProject
Project("{FAE04EC0-301F-11D3-BF4B-00C04F79EFBC}") = "P03Listy", "P03Listy\P03Listy.csproj", "{EF33F7D0-66B3-4DDE-BAC8-8FB184A83551}"
EndProject
Project("{FAE04EC0-301F-11D3-BF4B-00C04F79EFBC}") = "P04SposobyTworzeniaListITablic", "P04SposobyTworzeniaListITablic\P04SposobyTworzeniaListITablic.csproj", "{2E00ADDB-83EA-4600-98E1-31D59FB681B2}"
EndProject
Project("{FAE04EC0-301F-11D3-BF4B-00C04F79EFBC}") = "P05KonwersjeTablicList", "P05KonwersjeTablicList\P05KonwersjeTablicList.csproj", "{2F28C5A9-9FA5-4939-9666-4C48F0A7653A}"
EndProject
Project("{FAE04EC0-301F-11D3-BF4B-00C04F79EFBC}") = "P06WebClient", "P06WebClient\P06WebClient.csproj", "{27AFCB68-1B0E-4511-B6EE-52BBEFBA7301}"
EndProject
Project("{FAE04EC0-301F-11D3-BF4B-00C04F79EFBC}") = "P07ZadaniePogoda", "P07ZadaniePogoda\P07ZadaniePogoda.csproj", "{3FDF0E2E-0836-4FD6-A6E0-5AD36FCE1005}"
EndProject
Project("{FAE04EC0-301F-11D3-BF4B-00C04F79EFBC}") = "P08ZadanieZawodnicy", "P08ZadanieZawodnicy\P08ZadanieZawodnicy.csproj", "{CE5FAC5F-C12B-40A5-BBA9-C821E39E3EBB}"
EndProject
Project("{FAE04EC0-301F-11D3-BF4B-00C04F79EFBC}") = "P09TabliceWielowymiarowe", "P09TabliceWielowymiarowe\P09TabliceWielowymiarowe.csproj", "{2C90421B-E5FF-4B23-9860-8AE22ED3F2B4}"
EndProject
Project("{FAE04EC0-301F-11D3-BF4B-00C04F79EFBC}") = "P10TablicePostrzepione", "P10TablicePostrzepione\P10TablicePostrzepione.csproj", "{2C1362AC-88BF-4A11-8539-212B5978E96B}"
EndProject
Project("{FAE04EC0-301F-11D3-BF4B-00C04F79EFBC}") = "P11ListyList", "P11ListyList\P11ListyList.csproj", "{890BDF16-0C64-4791-BC87-3F7F4224E37E}"
EndProject
Project("{FAE04EC0-301F-11D3-BF4B-00C04F79EFBC}") = "P12ZadanieKolekcjeWieloWymiarowe", "P12ZadanieKolekcjeWieloWymiarowe\P12ZadanieKolekcjeWieloWymiarowe.csproj", "{979442AF-058C-4BF1-A425-275CE9097BE1}"
EndProject
Project("{FAE04EC0-301F-11D3-BF4B-00C04F79EFBC}") = "P13OblsuglaBledow", "P13OblsuglaBledow\P13OblsuglaBledow.csproj", "{CB915FEE-4A2D-46AD-A959-783565F3CC75}"
EndProject
Global
	GlobalSection(SolutionConfigurationPlatforms) = preSolution
		Debug|Any CPU = Debug|Any CPU
		Release|Any CPU = Release|Any CPU
	EndGlobalSection
	GlobalSection(ProjectConfigurationPlatforms) = postSolution
		{9B6756B3-E819-4B66-BC4A-81774C967D2E}.Debug|Any CPU.ActiveCfg = Debug|Any CPU
		{9B6756B3-E819-4B66-BC4A-81774C967D2E}.Debug|Any CPU.Build.0 = Debug|Any CPU
		{9B6756B3-E819-4B66-BC4A-81774C967D2E}.Release|Any CPU.ActiveCfg = Release|Any CPU
		{9B6756B3-E819-4B66-BC4A-81774C967D2E}.Release|Any CPU.Build.0 = Release|Any CPU
		{68A4756E-0430-4E9C-B86F-6B0210072130}.Debug|Any CPU.ActiveCfg = Debug|Any CPU
		{68A4756E-0430-4E9C-B86F-6B0210072130}.Debug|Any CPU.Build.0 = Debug|Any CPU
		{68A4756E-0430-4E9C-B86F-6B0210072130}.Release|Any CPU.ActiveCfg = Release|Any CPU
		{68A4756E-0430-4E9C-B86F-6B0210072130}.Release|Any CPU.Build.0 = Release|Any CPU
		{EF33F7D0-66B3-4DDE-BAC8-8FB184A83551}.Debug|Any CPU.ActiveCfg = Debug|Any CPU
		{EF33F7D0-66B3-4DDE-BAC8-8FB184A83551}.Debug|Any CPU.Build.0 = Debug|Any CPU
		{EF33F7D0-66B3-4DDE-BAC8-8FB184A83551}.Release|Any CPU.ActiveCfg = Release|Any CPU
		{EF33F7D0-66B3-4DDE-BAC8-8FB184A83551}.Release|Any CPU.Build.0 = Release|Any CPU
		{2E00ADDB-83EA-4600-98E1-31D59FB681B2}.Debug|Any CPU.ActiveCfg = Debug|Any CPU
		{2E00ADDB-83EA-4600-98E1-31D59FB681B2}.Debug|Any CPU.Build.0 = Debug|Any CPU
		{2E00ADDB-83EA-4600-98E1-31D59FB681B2}.Release|Any CPU.ActiveCfg = Release|Any CPU
		{2E00ADDB-83EA-4600-98E1-31D59FB681B2}.Release|Any CPU.Build.0 = Release|Any CPU
		{2F28C5A9-9FA5-4939-9666-4C48F0A7653A}.Debug|Any CPU.ActiveCfg = Debug|Any CPU
		{2F28C5A9-9FA5-4939-9666-4C48F0A7653A}.Debug|Any CPU.Build.0 = Debug|Any CPU
		{2F28C5A9-9FA5-4939-9666-4C48F0A7653A}.Release|Any CPU.ActiveCfg = Release|Any CPU
		{2F28C5A9-9FA5-4939-9666-4C48F0A7653A}.Release|Any CPU.Build.0 = Release|Any CPU
		{27AFCB68-1B0E-4511-B6EE-52BBEFBA7301}.Debug|Any CPU.ActiveCfg = Debug|Any CPU
		{27AFCB68-1B0E-4511-B6EE-52BBEFBA7301}.Debug|Any CPU.Build.0 = Debug|Any CPU
		{27AFCB68-1B0E-4511-B6EE-52BBEFBA7301}.Release|Any CPU.ActiveCfg = Release|Any CPU
		{27AFCB68-1B0E-4511-B6EE-52BBEFBA7301}.Release|Any CPU.Build.0 = Release|Any CPU
		{3FDF0E2E-0836-4FD6-A6E0-5AD36FCE1005}.Debug|Any CPU.ActiveCfg = Debug|Any CPU
		{3FDF0E2E-0836-4FD6-A6E0-5AD36FCE1005}.Debug|Any CPU.Build.0 = Debug|Any CPU
		{3FDF0E2E-0836-4FD6-A6E0-5AD36FCE1005}.Release|Any CPU.ActiveCfg = Release|Any CPU
		{3FDF0E2E-0836-4FD6-A6E0-5AD36FCE1005}.Release|Any CPU.Build.0 = Release|Any CPU
		{CE5FAC5F-C12B-40A5-BBA9-C821E39E3EBB}.Debug|Any CPU.ActiveCfg = Debug|Any CPU
		{CE5FAC5F-C12B-40A5-BBA9-C821E39E3EBB}.Debug|Any CPU.Build.0 = Debug|Any CPU
		{CE5FAC5F-C12B-40A5-BBA9-C821E39E3EBB}.Release|Any CPU.ActiveCfg = Release|Any CPU
		{CE5FAC5F-C12B-40A5-BBA9-C821E39E3EBB}.Release|Any CPU.Build.0 = Release|Any CPU
		{2C90421B-E5FF-4B23-9860-8AE22ED3F2B4}.Debug|Any CPU.ActiveCfg = Debug|Any CPU
		{2C90421B-E5FF-4B23-9860-8AE22ED3F2B4}.Debug|Any CPU.Build.0 = Debug|Any CPU
		{2C90421B-E5FF-4B23-9860-8AE22ED3F2B4}.Release|Any CPU.ActiveCfg = Release|Any CPU
		{2C90421B-E5FF-4B23-9860-8AE22ED3F2B4}.Release|Any CPU.Build.0 = Release|Any CPU
		{2C1362AC-88BF-4A11-8539-212B5978E96B}.Debug|Any CPU.ActiveCfg = Debug|Any CPU
		{2C1362AC-88BF-4A11-8539-212B5978E96B}.Debug|Any CPU.Build.0 = Debug|Any CPU
		{2C1362AC-88BF-4A11-8539-212B5978E96B}.Release|Any CPU.ActiveCfg = Release|Any CPU
		{2C1362AC-88BF-4A11-8539-212B5978E96B}.Release|Any CPU.Build.0 = Release|Any CPU
		{890BDF16-0C64-4791-BC87-3F7F4224E37E}.Debug|Any CPU.ActiveCfg = Debug|Any CPU
		{890BDF16-0C64-4791-BC87-3F7F4224E37E}.Debug|Any CPU.Build.0 = Debug|Any CPU
		{890BDF16-0C64-4791-BC87-3F7F4224E37E}.Release|Any CPU.ActiveCfg = Release|Any CPU
		{890BDF16-0C64-4791-BC87-3F7F4224E37E}.Release|Any CPU.Build.0 = Release|Any CPU
		{979442AF-058C-4BF1-A425-275CE9097BE1}.Debug|Any CPU.ActiveCfg = Debug|Any CPU
		{979442AF-058C-4BF1-A425-275CE9097BE1}.Debug|Any CPU.Build.0 = Debug|Any CPU
		{979442AF-058C-4BF1-A425-275CE9097BE1}.Release|Any CPU.ActiveCfg = Release|Any CPU
		{979442AF-058C-4BF1-A425-275CE9097BE1}.Release|Any CPU.Build.0 = Release|Any CPU
		{CB915FEE-4A2D-46AD-A959-783565F3CC75}.Debug|Any CPU.ActiveCfg = Debug|Any CPU
		{CB915FEE-4A2D-46AD-A959-783565F3CC75}.Debug|Any CPU.Build.0 = Debug|Any CPU
		{CB915FEE-4A2D-46AD-A959-783565F3CC75}.Release|Any CPU.ActiveCfg = Release|Any CPU
		{CB915FEE-4A2D-46AD-A959-783565F3CC75}.Release|Any CPU.Build.0 = Release|Any CPU
	EndGlobalSection
	GlobalSection(SolutionProperties) = preSolution
		HideSolutionNode = FALSE
	EndGlobalSection
	GlobalSection(ExtensibilityGlobals) = postSolution
		SolutionGuid = {614CC57D-3A0F-42B1-810D-B10D982BCA38}
	EndGlobalSection
EndGlobal
